dependencies:
  espressif/cJSON:
    component_hash: 002c6d1872ee4c97d333938ebe107a29841cc847f9de89e676714bd2844057ea
    dependencies:
    - name: idf
      require: private
      version: '>=5.0'
    source:
      registry_url: https://components.espressif.com/
      type: service
    version: 1.7.19~1
  espressif/esp-dsp:
    component_hash: 3e7bbd487f1357a1d4944d0c85966d049501ea281b8a4c7f93f7cfedd5b7f23d
    dependencies:
    - name: idf
      require: private
      version: '>=4.2'
    source:
      registry_url: https://components.espressif.com
      type: service
    version: 1.4.12
  espressif/esp-sr:
    component_hash: 9b41fd5ae5960c393bfd3559cd6e5fa2a95c0bf833915cebafe57fb8c4e4c396
    dependencies:
    - name: espressif/esp-dsp
      registry_url: https://components.espressif.com
      require: private
      version: <=1.5.0
    - name: idf
      require: private
      version: '>=5.0'
    source:
      registry_url: https://components.espressif.com/
      type: service
    version: 1.9.5
  espressif/esp_websocket_client:
    component_hash: c5a067a9fddea370c478017e66fac302f4b79c3d4027e9bdd42a019786cceb92
    dependencies:
    - name: idf
      require: private
      version: '>=5.0'
    source:
      registry_url: https://components.espressif.com/
      type: service
    version: 1.6.1
  idf:
    source:
      type: idf
    version: 5.5.3
  lvgl/lvgl:
    component_hash: d7c1ac037ae6e85d94897f807d6e7ba0946a83e720074fc95a4f6241da9f9f53
    dependencies: []
    source:
      registry_url: https://components.espressif.com/
      type: service
    version: 8.4.0
direct_dependencies:
- espressif/cJSON
- espressif/esp-sr
- espressif/esp_websocket_client
- lvgl/lvgl
manifest_hash: 750f6e75afdd90d8c2f3de361d3c3a493a4cf0bd29eb14a37d1146b4a4d161a5
target: esp32s3
version: 2.0.0
